
Microsoft Visual Studio Solution File, Format Version 12.00
# Visual Studio 14
VisualStudioVersion = 14.0.23107.0
MinimumVisualStudioVersion = 10.0.40219.1
Project("{FAE04EC0-301F-11D3-BF4B-00C04F79EFBC}") = "NetMQ.High", "NetMQ.High\NetMQ.High.csproj", "{36012282-2A90-4F41-A7E2-A3D1F5524737}"
EndProject
Project("{FAE04EC0-301F-11D3-BF4B-00C04F79EFBC}") = "NetMQ.High.Tests", "NetMQ.High.Tests\NetMQ.High.Tests.csproj", "{743BA48D-3F97-4C7B-96D4-0E00AC0A179D}"
EndProject
Global
	GlobalSection(SolutionConfigurationPlatforms) = preSolution
		Debug|Any CPU = Debug|Any CPU
		Release|Any CPU = Release|Any CPU
	EndGlobalSection
	GlobalSection(ProjectConfigurationPlatforms) = postSolution
		{36012282-2A90-4F41-A7E2-A3D1F5524737}.Debug|Any CPU.ActiveCfg = Debug|Any CPU
		{36012282-2A90-4F41-A7E2-A3D1F5524737}.Debug|Any CPU.Build.0 = Debug|Any CPU
		{36012282-2A90-4F41-A7E2-A3D1F5524737}.Release|Any CPU.ActiveCfg = Release|Any CPU
		{36012282-2A90-4F41-A7E2-A3D1F5524737}.Release|Any CPU.Build.0 = Release|Any CPU
		{743BA48D-3F97-4C7B-96D4-0E00AC0A179D}.Debug|Any CPU.ActiveCfg = Debug|Any CPU
		{743BA48D-3F97-4C7B-96D4-0E00AC0A179D}.Debug|Any CPU.Build.0 = Debug|Any CPU
		{743BA48D-3F97-4C7B-96D4-0E00AC0A179D}.Release|Any CPU.ActiveCfg = Release|Any CPU
		{743BA48D-3F97-4C7B-96D4-0E00AC0A179D}.Release|Any CPU.Build.0 = Release|Any CPU
	EndGlobalSection
	GlobalSection(SolutionProperties) = preSolution
		HideSolutionNode = FALSE
	EndGlobalSection
EndGlobal
